
Microsoft Visual Studio Solution File, Format Version 12.00
# Visual Studio Version 17
VisualStudioVersion = 17.9.34607.119
MinimumVisualStudioVersion = 10.0.40219.1
Project("{FAE04EC0-301F-11D3-BF4B-00C04F79EFBC}") = "Cmdplay-gpu", "Cmdplay-gpu\Cmdplay-gpu.csproj", "{F1413CB8-3289-49C4-ADF9-344FD24E4775}"
EndProject
Global
	GlobalSection(SolutionConfigurationPlatforms) = preSolution
		Debug|Any CPU = Debug|Any CPU
		Release|Any CPU = Release|Any CPU
	EndGlobalSection
	GlobalSection(ProjectConfigurationPlatforms) = postSolution
		{F1413CB8-3289-49C4-ADF9-344FD24E4775}.Debug|Any CPU.ActiveCfg = Debug|Any CPU
		{F1413CB8-3289-49C4-ADF9-344FD24E4775}.Debug|Any CPU.Build.0 = Debug|Any CPU
		{F1413CB8-3289-49C4-ADF9-344FD24E4775}.Release|Any CPU.ActiveCfg = Release|Any CPU
		{F1413CB8-3289-49C4-ADF9-344FD24E4775}.Release|Any CPU.Build.0 = Release|Any CPU
	EndGlobalSection
	GlobalSection(SolutionProperties) = preSolution
		HideSolutionNode = FALSE
	EndGlobalSection
	GlobalSection(ExtensibilityGlobals) = postSolution
		SolutionGuid = {23DB26DA-8CC3-4E0E-B52C-563C825D77BD}
	EndGlobalSection
EndGlobal
